
Microsoft Visual Studio Solution File, Format Version 12.00
# Visual Studio 14
VisualStudioVersion = 14.0.25420.1
MinimumVisualStudioVersion = 10.0.40219.1
Project("{FAE04EC0-301F-11D3-BF4B-00C04F79EFBC}") = "DnwUISettings", "DnwUISettings\DnwUISettings.csproj", "{0B5300FB-4230-4A62-A452-0B2DD83EE78B}"
	ProjectSection(ProjectDependencies) = postProject
		{6E82F210-CC9D-497B-B786-69F8D3CC9ED1} = {6E82F210-CC9D-497B-B786-69F8D3CC9ED1}
		{8D70D054-1ED4-4379-9661-3D7633F48874} = {8D70D054-1ED4-4379-9661-3D7633F48874}
		{834CCB79-A0C8-40DD-AD2E-E511F67C1B75} = {834CCB79-A0C8-40DD-AD2E-E511F67C1B75}
		{FAC0EA9B-DB21-4581-A4AC-0B87C1F60C7D} = {FAC0EA9B-DB21-4581-A4AC-0B87C1F60C7D}
	EndProjectSection
EndProject
Project("{FAE04EC0-301F-11D3-BF4B-00C04F79EFBC}") = "DnwBase", "DnwBase\DnwBase.csproj", "{FAC0EA9B-DB21-4581-A4AC-0B87C1F60C7D}"
EndProject
Project("{FAE04EC0-301F-11D3-BF4B-00C04F79EFBC}") = "DnwBaseDataHttp", "DnwBaseDataHttp\DnwBaseDataHttp.csproj", "{1F0321F4-CE50-4286-B277-EBFD479B5031}"
	ProjectSection(ProjectDependencies) = postProject
		{FAC0EA9B-DB21-4581-A4AC-0B87C1F60C7D} = {FAC0EA9B-DB21-4581-A4AC-0B87C1F60C7D}
	EndProjectSection
EndProject
Project("{FAE04EC0-301F-11D3-BF4B-00C04F79EFBC}") = "DnwBaseDataSqlServer", "DnwBaseDataSqlServer\DnwBaseDataSqlServer.csproj", "{834CCB79-A0C8-40DD-AD2E-E511F67C1B75}"
	ProjectSection(ProjectDependencies) = postProject
		{FAC0EA9B-DB21-4581-A4AC-0B87C1F60C7D} = {FAC0EA9B-DB21-4581-A4AC-0B87C1F60C7D}
	EndProjectSection
EndProject
Project("{FAE04EC0-301F-11D3-BF4B-00C04F79EFBC}") = "DnwBaseWpf", "DnwBaseWpf\DnwBaseWpf.csproj", "{6E82F210-CC9D-497B-B786-69F8D3CC9ED1}"
	ProjectSection(ProjectDependencies) = postProject
		{FAC0EA9B-DB21-4581-A4AC-0B87C1F60C7D} = {FAC0EA9B-DB21-4581-A4AC-0B87C1F60C7D}
	EndProjectSection
EndProject
Project("{FAE04EC0-301F-11D3-BF4B-00C04F79EFBC}") = "DnwCrypto", "DnwCrypto\DnwCrypto.csproj", "{0B60648B-B707-4E7E-923B-DF95B968E4F0}"
	ProjectSection(ProjectDependencies) = postProject
		{FAC0EA9B-DB21-4581-A4AC-0B87C1F60C7D} = {FAC0EA9B-DB21-4581-A4AC-0B87C1F60C7D}
	EndProjectSection
EndProject
Project("{FAE04EC0-301F-11D3-BF4B-00C04F79EFBC}") = "DnwUISqlServer", "DnwUISqlServer\DnwUISqlServer.csproj", "{8D70D054-1ED4-4379-9661-3D7633F48874}"
	ProjectSection(ProjectDependencies) = postProject
		{6E82F210-CC9D-497B-B786-69F8D3CC9ED1} = {6E82F210-CC9D-497B-B786-69F8D3CC9ED1}
		{834CCB79-A0C8-40DD-AD2E-E511F67C1B75} = {834CCB79-A0C8-40DD-AD2E-E511F67C1B75}
		{0B60648B-B707-4E7E-923B-DF95B968E4F0} = {0B60648B-B707-4E7E-923B-DF95B968E4F0}
		{FAC0EA9B-DB21-4581-A4AC-0B87C1F60C7D} = {FAC0EA9B-DB21-4581-A4AC-0B87C1F60C7D}
	EndProjectSection
EndProject
Project("{FAE04EC0-301F-11D3-BF4B-00C04F79EFBC}") = "DnwBaseServices", "DnwBaseServices\DnwBaseServices.csproj", "{2CDA15CF-9AD1-4115-93C8-635426FF1C31}"
	ProjectSection(ProjectDependencies) = postProject
		{FAC0EA9B-DB21-4581-A4AC-0B87C1F60C7D} = {FAC0EA9B-DB21-4581-A4AC-0B87C1F60C7D}
	EndProjectSection
EndProject
Global
	GlobalSection(SolutionConfigurationPlatforms) = preSolution
		Debug|Any CPU = Debug|Any CPU
		Debug|x86 = Debug|x86
		Release|Any CPU = Release|Any CPU
		Release|x86 = Release|x86
	EndGlobalSection
	GlobalSection(ProjectConfigurationPlatforms) = postSolution
		{0B5300FB-4230-4A62-A452-0B2DD83EE78B}.Debug|Any CPU.ActiveCfg = Debug|Any CPU
		{0B5300FB-4230-4A62-A452-0B2DD83EE78B}.Debug|Any CPU.Build.0 = Debug|Any CPU
		{0B5300FB-4230-4A62-A452-0B2DD83EE78B}.Debug|x86.ActiveCfg = Debug|x86
		{0B5300FB-4230-4A62-A452-0B2DD83EE78B}.Debug|x86.Build.0 = Debug|x86
		{0B5300FB-4230-4A62-A452-0B2DD83EE78B}.Release|Any CPU.ActiveCfg = Release|Any CPU
		{0B5300FB-4230-4A62-A452-0B2DD83EE78B}.Release|Any CPU.Build.0 = Release|Any CPU
		{0B5300FB-4230-4A62-A452-0B2DD83EE78B}.Release|x86.ActiveCfg = Release|x86
		{0B5300FB-4230-4A62-A452-0B2DD83EE78B}.Release|x86.Build.0 = Release|x86
		{FAC0EA9B-DB21-4581-A4AC-0B87C1F60C7D}.Debug|Any CPU.ActiveCfg = Debug|Any CPU
		{FAC0EA9B-DB21-4581-A4AC-0B87C1F60C7D}.Debug|Any CPU.Build.0 = Debug|Any CPU
		{FAC0EA9B-DB21-4581-A4AC-0B87C1F60C7D}.Debug|x86.ActiveCfg = Debug|x86
		{FAC0EA9B-DB21-4581-A4AC-0B87C1F60C7D}.Debug|x86.Build.0 = Debug|x86
		{FAC0EA9B-DB21-4581-A4AC-0B87C1F60C7D}.Release|Any CPU.ActiveCfg = Release|Any CPU
		{FAC0EA9B-DB21-4581-A4AC-0B87C1F60C7D}.Release|Any CPU.Build.0 = Release|Any CPU
		{FAC0EA9B-DB21-4581-A4AC-0B87C1F60C7D}.Release|x86.ActiveCfg = Release|x86
		{FAC0EA9B-DB21-4581-A4AC-0B87C1F60C7D}.Release|x86.Build.0 = Release|x86
		{1F0321F4-CE50-4286-B277-EBFD479B5031}.Debug|Any CPU.ActiveCfg = Debug|Any CPU
		{1F0321F4-CE50-4286-B277-EBFD479B5031}.Debug|Any CPU.Build.0 = Debug|Any CPU
		{1F0321F4-CE50-4286-B277-EBFD479B5031}.Debug|x86.ActiveCfg = Debug|x86
		{1F0321F4-CE50-4286-B277-EBFD479B5031}.Debug|x86.Build.0 = Debug|x86
		{1F0321F4-CE50-4286-B277-EBFD479B5031}.Release|Any CPU.ActiveCfg = Release|Any CPU
		{1F0321F4-CE50-4286-B277-EBFD479B5031}.Release|Any CPU.Build.0 = Release|Any CPU
		{1F0321F4-CE50-4286-B277-EBFD479B5031}.Release|x86.ActiveCfg = Release|x86
		{1F0321F4-CE50-4286-B277-EBFD479B5031}.Release|x86.Build.0 = Release|x86
		{834CCB79-A0C8-40DD-AD2E-E511F67C1B75}.Debug|Any CPU.ActiveCfg = Debug|Any CPU
		{834CCB79-A0C8-40DD-AD2E-E511F67C1B75}.Debug|Any CPU.Build.0 = Debug|Any CPU
		{834CCB79-A0C8-40DD-AD2E-E511F67C1B75}.Debug|x86.ActiveCfg = Debug|x86
		{834CCB79-A0C8-40DD-AD2E-E511F67C1B75}.Debug|x86.Build.0 = Debug|x86
		{834CCB79-A0C8-40DD-AD2E-E511F67C1B75}.Release|Any CPU.ActiveCfg = Release|Any CPU
		{834CCB79-A0C8-40DD-AD2E-E511F67C1B75}.Release|Any CPU.Build.0 = Release|Any CPU
		{834CCB79-A0C8-40DD-AD2E-E511F67C1B75}.Release|x86.ActiveCfg = Release|x86
		{834CCB79-A0C8-40DD-AD2E-E511F67C1B75}.Release|x86.Build.0 = Release|x86
		{6E82F210-CC9D-497B-B786-69F8D3CC9ED1}.Debug|Any CPU.ActiveCfg = Debug|Any CPU
		{6E82F210-CC9D-497B-B786-69F8D3CC9ED1}.Debug|Any CPU.Build.0 = Debug|Any CPU
		{6E82F210-CC9D-497B-B786-69F8D3CC9ED1}.Debug|x86.ActiveCfg = Debug|x86
		{6E82F210-CC9D-497B-B786-69F8D3CC9ED1}.Debug|x86.Build.0 = Debug|x86
		{6E82F210-CC9D-497B-B786-69F8D3CC9ED1}.Release|Any CPU.ActiveCfg = Release|Any CPU
		{6E82F210-CC9D-497B-B786-69F8D3CC9ED1}.Release|Any CPU.Build.0 = Release|Any CPU
		{6E82F210-CC9D-497B-B786-69F8D3CC9ED1}.Release|x86.ActiveCfg = Release|x86
		{6E82F210-CC9D-497B-B786-69F8D3CC9ED1}.Release|x86.Build.0 = Release|x86
		{0B60648B-B707-4E7E-923B-DF95B968E4F0}.Debug|Any CPU.ActiveCfg = Debug|Any CPU
		{0B60648B-B707-4E7E-923B-DF95B968E4F0}.Debug|Any CPU.Build.0 = Debug|Any CPU
		{0B60648B-B707-4E7E-923B-DF95B968E4F0}.Debug|x86.ActiveCfg = Debug|x86
		{0B60648B-B707-4E7E-923B-DF95B968E4F0}.Debug|x86.Build.0 = Debug|x86
		{0B60648B-B707-4E7E-923B-DF95B968E4F0}.Release|Any CPU.ActiveCfg = Release|Any CPU
		{0B60648B-B707-4E7E-923B-DF95B968E4F0}.Release|Any CPU.Build.0 = Release|Any CPU
		{0B60648B-B707-4E7E-923B-DF95B968E4F0}.Release|x86.ActiveCfg = Release|x86
		{0B60648B-B707-4E7E-923B-DF95B968E4F0}.Release|x86.Build.0 = Release|x86
		{8D70D054-1ED4-4379-9661-3D7633F48874}.Debug|Any CPU.ActiveCfg = Debug|Any CPU
		{8D70D054-1ED4-4379-9661-3D7633F48874}.Debug|Any CPU.Build.0 = Debug|Any CPU
		{8D70D054-1ED4-4379-9661-3D7633F48874}.Debug|x86.ActiveCfg = Debug|x86
		{8D70D054-1ED4-4379-9661-3D7633F48874}.Debug|x86.Build.0 = Debug|x86
		{8D70D054-1ED4-4379-9661-3D7633F48874}.Release|Any CPU.ActiveCfg = Release|Any CPU
		{8D70D054-1ED4-4379-9661-3D7633F48874}.Release|Any CPU.Build.0 = Release|Any CPU
		{8D70D054-1ED4-4379-9661-3D7633F48874}.Release|x86.ActiveCfg = Release|x86
		{8D70D054-1ED4-4379-9661-3D7633F48874}.Release|x86.Build.0 = Release|x86
		{2CDA15CF-9AD1-4115-93C8-635426FF1C31}.Debug|Any CPU.ActiveCfg = Debug|Any CPU
		{2CDA15CF-9AD1-4115-93C8-635426FF1C31}.Debug|Any CPU.Build.0 = Debug|Any CPU
		{2CDA15CF-9AD1-4115-93C8-635426FF1C31}.Debug|x86.ActiveCfg = Debug|x86
		{2CDA15CF-9AD1-4115-93C8-635426FF1C31}.Release|Any CPU.ActiveCfg = Release|Any CPU
		{2CDA15CF-9AD1-4115-93C8-635426FF1C31}.Release|Any CPU.Build.0 = Release|Any CPU
		{2CDA15CF-9AD1-4115-93C8-635426FF1C31}.Release|x86.ActiveCfg = Release|Any CPU
	EndGlobalSection
	GlobalSection(SolutionProperties) = preSolution
		HideSolutionNode = FALSE
	EndGlobalSection
EndGlobal
